
Microsoft Visual Studio Solution File, Format Version 12.00
# Visual Studio Version 17
VisualStudioVersion = 17.9.34622.214
MinimumVisualStudioVersion = 10.0.40219.1
Project("{FAE04EC0-301F-11D3-BF4B-00C04F79EFBC}") = "CRUD.API", "CRUD.API\CRUD.API.csproj", "{6BC3E955-FDB1-4EAE-903C-7B2BCDE951E4}"
EndProject
Global
	GlobalSection(SolutionConfigurationPlatforms) = preSolution
		Debug|Any CPU = Debug|Any CPU
		Release|Any CPU = Release|Any CPU
	EndGlobalSection
	GlobalSection(ProjectConfigurationPlatforms) = postSolution
		{6BC3E955-FDB1-4EAE-903C-7B2BCDE951E4}.Debug|Any CPU.ActiveCfg = Debug|Any CPU
		{6BC3E955-FDB1-4EAE-903C-7B2BCDE951E4}.Debug|Any CPU.Build.0 = Debug|Any CPU
		{6BC3E955-FDB1-4EAE-903C-7B2BCDE951E4}.Release|Any CPU.ActiveCfg = Release|Any CPU
		{6BC3E955-FDB1-4EAE-903C-7B2BCDE951E4}.Release|Any CPU.Build.0 = Release|Any CPU
	EndGlobalSection
	GlobalSection(SolutionProperties) = preSolution
		HideSolutionNode = FALSE
	EndGlobalSection
	GlobalSection(ExtensibilityGlobals) = postSolution
		SolutionGuid = {4DF5C813-0677-4944-A0E6-B1E8D4F53041}
	EndGlobalSection
EndGlobal
